
Microsoft Visual Studio Solution File, Format Version 12.00
# Visual Studio 15
VisualStudioVersion = 15.0.28307.421
MinimumVisualStudioVersion = 10.0.40219.1
Project("{FAE04EC0-301F-11D3-BF4B-00C04F79EFBC}") = "WebAPIMasterDetailCRUD", "WebAPIMasterDetailCRUD\WebAPIMasterDetailCRUD.csproj", "{A77D8261-FBAD-4EFB-90F7-4207645F4860}"
EndProject
Global
	GlobalSection(SolutionConfigurationPlatforms) = preSolution
		Debug|Any CPU = Debug|Any CPU
		Release|Any CPU = Release|Any CPU
	EndGlobalSection
	GlobalSection(ProjectConfigurationPlatforms) = postSolution
		{A77D8261-FBAD-4EFB-90F7-4207645F4860}.Debug|Any CPU.ActiveCfg = Debug|Any CPU
		{A77D8261-FBAD-4EFB-90F7-4207645F4860}.Debug|Any CPU.Build.0 = Debug|Any CPU
		{A77D8261-FBAD-4EFB-90F7-4207645F4860}.Release|Any CPU.ActiveCfg = Release|Any CPU
		{A77D8261-FBAD-4EFB-90F7-4207645F4860}.Release|Any CPU.Build.0 = Release|Any CPU
	EndGlobalSection
	GlobalSection(SolutionProperties) = preSolution
		HideSolutionNode = FALSE
	EndGlobalSection
	GlobalSection(ExtensibilityGlobals) = postSolution
		SolutionGuid = {E82A9825-A832-4F35-885F-3B247A1C8CA4}
	EndGlobalSection
EndGlobal
