
Microsoft Visual Studio Solution File, Format Version 12.00
# Visual Studio 15
VisualStudioVersion = 15.0.28307.421
MinimumVisualStudioVersion = 10.0.40219.1
Project("{FAE04EC0-301F-11D3-BF4B-00C04F79EFBC}") = "ClaimTek", "ClaimTek\ClaimTek.csproj", "{48300723-F82D-4A17-AA2E-4C50BAE57C90}"
EndProject
Global
	GlobalSection(SolutionConfigurationPlatforms) = preSolution
		Debug|Any CPU = Debug|Any CPU
		Release|Any CPU = Release|Any CPU
	EndGlobalSection
	GlobalSection(ProjectConfigurationPlatforms) = postSolution
		{48300723-F82D-4A17-AA2E-4C50BAE57C90}.Debug|Any CPU.ActiveCfg = Debug|Any CPU
		{48300723-F82D-4A17-AA2E-4C50BAE57C90}.Debug|Any CPU.Build.0 = Debug|Any CPU
		{48300723-F82D-4A17-AA2E-4C50BAE57C90}.Release|Any CPU.ActiveCfg = Release|Any CPU
		{48300723-F82D-4A17-AA2E-4C50BAE57C90}.Release|Any CPU.Build.0 = Release|Any CPU
	EndGlobalSection
	GlobalSection(SolutionProperties) = preSolution
		HideSolutionNode = FALSE
	EndGlobalSection
	GlobalSection(ExtensibilityGlobals) = postSolution
		SolutionGuid = {A4B2C5BB-7BC4-418B-9EA5-C141A6212AAB}
	EndGlobalSection
EndGlobal
